// !$*UTF8*$!
{
	archiveVersion = 1;
	classes = {
	};
	objectVersion = 50;
	objects = {

/* Begin PBXBuildFile section */
		B5F1EBD720EC9EF700A318C5 /* AppDelegate.swift in Sources */ = {isa = PBXBuildFile; fileRef = B5F1EBD620EC9EF700A318C5 /* AppDelegate.swift */; };
		B5F1EBD920EC9EF700A318C5 /* MasterViewController.swift in Sources */ = {isa = PBXBuildFile; fileRef = B5F1EBD820EC9EF700A318C5 /* MasterViewController.swift */; };
		B5F1EBDB20EC9EF700A318C5 /* DetailViewController.swift in Sources */ = {isa = PBXBuildFile; fileRef = B5F1EBDA20EC9EF700A318C5 /* DetailViewController.swift */; };
		B5F1EBDE20EC9EF700A318C5 /* Main.storyboard in Resources */ = {isa = PBXBuildFile; fileRef = B5F1EBDC20EC9EF700A318C5 /* Main.storyboard */; };
		B5F1EBE020EC9F0A00A318C5 /* Assets.xcassets in Resources */ = {isa = PBXBuildFile; fileRef = B5F1EBDF20EC9F0A00A318C5 /* Assets.xcassets */; };
		B5F1EBE320EC9F0A00A318C5 /* LaunchScreen.storyboard in Resources */ = {isa = PBXBuildFile; fileRef = B5F1EBE120EC9F0A00A318C5 /* LaunchScreen.storyboard */; };
		B5F1EBEC20ECEB4400A318C5 /* GoogleService-Info.plist in Resources */ = {isa = PBXBuildFile; fileRef = B5F1EBEB20ECEB4400A318C5 /* GoogleService-Info.plist */; };
		E2A5385D90B41D6468C73775 /* Pods_ARTraking.framework in Frameworks */ = {isa = PBXBuildFile; fileRef = 3F1ACE49E9C2F05116009B4A /* Pods_ARTraking.framework */; };
/* End PBXBuildFile section */

/* Begin PBXFileReference section */
		1EF8D8FECF701F5CC2AC1ED7 /* Pods-ARTraking.release.xcconfig */ = {isa = PBXFileReference; includeInIndex = 1; lastKnownFileType = text.xcconfig; name = "Pods-ARTraking.release.xcconfig"; path = "Pods/Target Support Files/Pods-ARTraking/Pods-ARTraking.release.xcconfig"; sourceTree = "<group>"; };
		3F1ACE49E9C2F05116009B4A /* Pods_ARTraking.framework */ = {isa = PBXFileReference; explicitFileType = wrapper.framework; includeInIndex = 0; path = Pods_ARTraking.framework; sourceTree = BUILT_PRODUCTS_DIR; };
		B5F1EBD320EC9EF700A318C5 /* ARTraking.app */ = {isa = PBXFileReference; explicitFileType = wrapper.application; includeInIndex = 0; path = ARTraking.app; sourceTree = BUILT_PRODUCTS_DIR; };
		B5F1EBD620EC9EF700A318C5 /* AppDelegate.swift */ = {isa = PBXFileReference; lastKnownFileType = sourcecode.swift; path = AppDelegate.swift; sourceTree = "<group>"; };
		B5F1EBD820EC9EF700A318C5 /* MasterViewController.swift */ = {isa = PBXFileReference; lastKnownFileType = sourcecode.swift; path = MasterViewController.swift; sourceTree = "<group>"; };
		B5F1EBDA20EC9EF700A318C5 /* DetailViewController.swift */ = {isa = PBXFileReference; lastKnownFileType = sourcecode.swift; path = DetailViewController.swift; sourceTree = "<group>"; };
		B5F1EBDD20EC9EF700A318C5 /* Base */ = {isa = PBXFileReference; lastKnownFileType = file.storyboard; name = Base; path = Base.lproj/Main.storyboard; sourceTree = "<group>"; };
		B5F1EBDF20EC9F0A00A318C5 /* Assets.xcassets */ = {isa = PBXFileReference; lastKnownFileType = folder.assetcatalog; path = Assets.xcassets; sourceTree = "<group>"; };
		B5F1EBE220EC9F0A00A318C5 /* Base */ = {isa = PBXFileReference; lastKnownFileType = file.storyboard; name = Base; path = Base.lproj/LaunchScreen.storyboard; sourceTree = "<group>"; };
		B5F1EBE420EC9F0A00A318C5 /* Info.plist */ = {isa = PBXFileReference; lastKnownFileType = text.plist.xml; path = Info.plist; sourceTree = "<group>"; };
		B5F1EBEA20ECDB0400A318C5 /* ARTraking.entitlements */ = {isa = PBXFileReference; lastKnownFileType = text.plist.entitlements; path = ARTraking.entitlements; sourceTree = "<group>"; };
		B5F1EBEB20ECEB4400A318C5 /* GoogleService-Info.plist */ = {isa = PBXFileReference; fileEncoding = 4; lastKnownFileType = text.plist.xml; path = "GoogleService-Info.plist"; sourceTree = "<group>"; };
		EC8BCEEA942D05F556DA7A82 /* Pods-ARTraking.debug.xcconfig */ = {isa = PBXFileReference; includeInIndex = 1; lastKnownFileType = text.xcconfig; name = "Pods-ARTraking.debug.xcconfig"; path = "Pods/Target Support Files/Pods-ARTraking/Pods-ARTraking.debug.xcconfig"; sourceTree = "<group>"; };
/* End PBXFileReference section */

/* Begin PBXFrameworksBuildPhase section */
		B5F1EBD020EC9EF700A318C5 /* Frameworks */ = {
			isa = PBXFrameworksBuildPhase;
			buildActionMask = 2147483647;
			files = (
				E2A5385D90B41D6468C73775 /* Pods_ARTraking.framework in Frameworks */,
			);
			runOnlyForDeploymentPostprocessing = 0;
		};
/* End PBXFrameworksBuildPhase section */

/* Begin PBXGroup section */
		8CB8DFD8D3F4C8DFFF2FCE8B /* Pods */ = {
			isa = PBXGroup;
			children = (
				EC8BCEEA942D05F556DA7A82 /* Pods-ARTraking.debug.xcconfig */,
				1EF8D8FECF701F5CC2AC1ED7 /* Pods-ARTraking.release.xcconfig */,
			);
			name = Pods;
			sourceTree = "<group>";
		};
		9C0291085CBCB477D8DA00C4 /* Frameworks */ = {
			isa = PBXGroup;
			children = (
				3F1ACE49E9C2F05116009B4A /* Pods_ARTraking.framework */,
			);
			name = Frameworks;
			sourceTree = "<group>";
		};
		B5F1EBCA20EC9EF700A318C5 = {
			isa = PBXGroup;
			children = (
				B5F1EBD520EC9EF700A318C5 /* ARTraking */,
				B5F1EBD420EC9EF700A318C5 /* Products */,
				8CB8DFD8D3F4C8DFFF2FCE8B /* Pods */,
				9C0291085CBCB477D8DA00C4 /* Frameworks */,
			);
			sourceTree = "<group>";
		};
		B5F1EBD420EC9EF700A318C5 /* Products */ = {
			isa = PBXGroup;
			children = (
				B5F1EBD320EC9EF700A318C5 /* ARTraking.app */,
			);
			name = Products;
			sourceTree = "<group>";
		};
		B5F1EBD520EC9EF700A318C5 /* ARTraking */ = {
			isa = PBXGroup;
			children = (
				B5F1EBEB20ECEB4400A318C5 /* GoogleService-Info.plist */,
				B5F1EBEA20ECDB0400A318C5 /* ARTraking.entitlements */,
				B5F1EBD620EC9EF700A318C5 /* AppDelegate.swift */,
				B5F1EBD820EC9EF700A318C5 /* MasterViewController.swift */,
				B5F1EBDA20EC9EF700A318C5 /* DetailViewController.swift */,
				B5F1EBDC20EC9EF700A318C5 /* Main.storyboard */,
				B5F1EBDF20EC9F0A00A318C5 /* Assets.xcassets */,
				B5F1EBE120EC9F0A00A318C5 /* LaunchScreen.storyboard */,
				B5F1EBE420EC9F0A00A318C5 /* Info.plist */,
			);
			path = ARTraking;
			sourceTree = "<group>";
		};
/* End PBXGroup section */

/* Begin PBXNativeTarget section */
		B5F1EBD220EC9EF700A318C5 /* ARTraking */ = {
			isa = PBXNativeTarget;
			buildConfigurationList = B5F1EBE720EC9F0A00A318C5 /* Build configuration list for PBXNativeTarget "ARTraking" */;
			buildPhases = (
				967B4FFD61D7210A74EEB7A2 /* [CP] Check Pods Manifest.lock */,
				B5F1EBCF20EC9EF700A318C5 /* Sources */,
				B5F1EBD020EC9EF700A318C5 /* Frameworks */,
				B5F1EBD120EC9EF700A318C5 /* Resources */,
				454512A0491EE40C40A9D3E9 /* [CP] Embed Pods Frameworks */,
			);
			buildRules = (
			);
			dependencies = (
			);
			name = ARTraking;
			productName = ARTraking;
			productReference = B5F1EBD320EC9EF700A318C5 /* ARTraking.app */;
			productType = "com.apple.product-type.application";
		};
/* End PBXNativeTarget section */

/* Begin PBXProject section */
		B5F1EBCB20EC9EF700A318C5 /* Project object */ = {
			isa = PBXProject;
			attributes = {
				LastSwiftUpdateCheck = 1000;
				LastUpgradeCheck = 1000;
				ORGANIZATIONNAME = Softweb;
				TargetAttributes = {
					B5F1EBD220EC9EF700A318C5 = {
						CreatedOnToolsVersion = 10.0;
						SystemCapabilities = {
							com.apple.BackgroundModes = {
								enabled = 1;
							};
							com.apple.Push = {
								enabled = 1;
							};
						};
					};
				};
			};
			buildConfigurationList = B5F1EBCE20EC9EF700A318C5 /* Build configuration list for PBXProject "ARTraking" */;
			compatibilityVersion = "Xcode 9.3";
			developmentRegion = en;
			hasScannedForEncodings = 0;
			knownRegions = (
				en,
				Base,
			);
			mainGroup = B5F1EBCA20EC9EF700A318C5;
			productRefGroup = B5F1EBD420EC9EF700A318C5 /* Products */;
			projectDirPath = "";
			projectRoot = "";
			targets = (
				B5F1EBD220EC9EF700A318C5 /* ARTraking */,
			);
		};
/* End PBXProject section */

/* Begin PBXResourcesBuildPhase section */
		B5F1EBD120EC9EF700A318C5 /* Resources */ = {
			isa = PBXResourcesBuildPhase;
			buildActionMask = 2147483647;
			files = (
				B5F1EBE320EC9F0A00A318C5 /* LaunchScreen.storyboard in Resources */,
				B5F1EBEC20ECEB4400A318C5 /* GoogleService-Info.plist in Resources */,
				B5F1EBE020EC9F0A00A318C5 /* Assets.xcassets in Resources */,
				B5F1EBDE20EC9EF700A318C5 /* Main.storyboard in Resources */,
			);
			runOnlyForDeploymentPostprocessing = 0;
		};
/* End PBXResourcesBuildPhase section */

/* Begin PBXShellScriptBuildPhase section */
		454512A0491EE40C40A9D3E9 /* [CP] Embed Pods Frameworks */ = {
			isa = PBXShellScriptBuildPhase;
			buildActionMask = 2147483647;
			files = (
			);
			inputPaths = (
				"${SRCROOT}/Pods/Target Support Files/Pods-ARTraking/Pods-ARTraking-frameworks.sh",
				"${BUILT_PRODUCTS_DIR}/CountryPickerSwift/CountryPicker.framework",
				"${BUILT_PRODUCTS_DIR}/GTMSessionFetcher/GTMSessionFetcher.framework",
				"${BUILT_PRODUCTS_DIR}/GoogleToolboxForMac/GoogleToolboxForMac.framework",
				"${BUILT_PRODUCTS_DIR}/PhoneNumberKit/PhoneNumberKit.framework",
				"${BUILT_PRODUCTS_DIR}/PhoneVerificationController/PhoneVerificationController.framework",
				"${BUILT_PRODUCTS_DIR}/Protobuf/Protobuf.framework",
				"${BUILT_PRODUCTS_DIR}/nanopb/nanopb.framework",
			);
			name = "[CP] Embed Pods Frameworks";
			outputPaths = (
				"${TARGET_BUILD_DIR}/${FRAMEWORKS_FOLDER_PATH}/CountryPicker.framework",
				"${TARGET_BUILD_DIR}/${FRAMEWORKS_FOLDER_PATH}/GTMSessionFetcher.framework",
				"${TARGET_BUILD_DIR}/${FRAMEWORKS_FOLDER_PATH}/GoogleToolboxForMac.framework",
				"${TARGET_BUILD_DIR}/${FRAMEWORKS_FOLDER_PATH}/PhoneNumberKit.framework",
				"${TARGET_BUILD_DIR}/${FRAMEWORKS_FOLDER_PATH}/PhoneVerificationController.framework",
				"${TARGET_BUILD_DIR}/${FRAMEWORKS_FOLDER_PATH}/Protobuf.framework",
				"${TARGET_BUILD_DIR}/${FRAMEWORKS_FOLDER_PATH}/nanopb.framework",
			);
			runOnlyForDeploymentPostprocessing = 0;
			shellPath = /bin/sh;
			shellScript = "\"${SRCROOT}/Pods/Target Support Files/Pods-ARTraking/Pods-ARTraking-frameworks.sh\"\n";
			showEnvVarsInLog = 0;
		};
		967B4FFD61D7210A74EEB7A2 /* [CP] Check Pods Manifest.lock */ = {
			isa = PBXShellScriptBuildPhase;
			buildActionMask = 2147483647;
			files = (
			);
			inputPaths = (
				"${PODS_PODFILE_DIR_PATH}/Podfile.lock",
				"${PODS_ROOT}/Manifest.lock",
			);
			name = "[CP] Check Pods Manifest.lock";
			outputPaths = (
				"$(DERIVED_FILE_DIR)/Pods-ARTraking-checkManifestLockResult.txt",
			);
			runOnlyForDeploymentPostprocessing = 0;
			shellPath = /bin/sh;
			shellScript = "diff \"${PODS_PODFILE_DIR_PATH}/Podfile.lock\" \"${PODS_ROOT}/Manifest.lock\" > /dev/null\nif [ $? != 0 ] ; then\n    # print error to STDERR\n    echo \"error: The sandbox is not in sync with the Podfile.lock. Run 'pod install' or update your CocoaPods installation.\" >&2\n    exit 1\nfi\n# This output is used by Xcode 'outputs' to avoid re-running this script phase.\necho \"SUCCESS\" > \"${SCRIPT_OUTPUT_FILE_0}\"\n";
			showEnvVarsInLog = 0;
		};
/* End PBXShellScriptBuildPhase section */

/* Begin PBXSourcesBuildPhase section */
		B5F1EBCF20EC9EF700A318C5 /* Sources */ = {
			isa = PBXSourcesBuildPhase;
			buildActionMask = 2147483647;
			files = (
				B5F1EBDB20EC9EF700A318C5 /* DetailViewController.swift in Sources */,
				B5F1EBD920EC9EF700A318C5 /* MasterViewController.swift in Sources */,
				B5F1EBD720EC9EF700A318C5 /* AppDelegate.swift in Sources */,
			);
			runOnlyForDeploymentPostprocessing = 0;
		};
/* End PBXSourcesBuildPhase section */

/* Begin PBXVariantGroup section */
		B5F1EBDC20EC9EF700A318C5 /* Main.storyboard */ = {
			isa = PBXVariantGroup;
			children = (
				B5F1EBDD20EC9EF700A318C5 /* Base */,
			);
			name = Main.storyboard;
			sourceTree = "<group>";
		};
		B5F1EBE120EC9F0A00A318C5 /* LaunchScreen.storyboard */ = {
			isa = PBXVariantGroup;
			children = (
				B5F1EBE220EC9F0A00A318C5 /* Base */,
			);
			name = LaunchScreen.storyboard;
			sourceTree = "<group>";
		};
/* End PBXVariantGroup section */

/* Begin XCBuildConfiguration section */
		B5F1EBE520EC9F0A00A318C5 /* Debug */ = {
			isa = XCBuildConfiguration;
			buildSettings = {
				ALWAYS_SEARCH_USER_PATHS = NO;
				CLANG_ANALYZER_NONNULL = YES;
				CLANG_ANALYZER_NUMBER_OBJECT_CONVERSION = YES_AGGRESSIVE;
				CLANG_CXX_LANGUAGE_STANDARD = "gnu++14";
				CLANG_CXX_LIBRARY = "libc++";
				CLANG_ENABLE_MODULES = YES;
				CLANG_ENABLE_OBJC_ARC = YES;
				CLANG_ENABLE_OBJC_WEAK = YES;
				CLANG_WARN_BLOCK_CAPTURE_AUTORELEASING = YES;
				CLANG_WARN_BOOL_CONVERSION = YES;
				CLANG_WARN_COMMA = YES;
				CLANG_WARN_CONSTANT_CONVERSION = YES;
				CLANG_WARN_DEPRECATED_OBJC_IMPLEMENTATIONS = YES;
				CLANG_WARN_DIRECT_OBJC_ISA_USAGE = YES_ERROR;
				CLANG_WARN_DOCUMENTATION_COMMENTS = YES;
				CLANG_WARN_EMPTY_BODY = YES;
				CLANG_WARN_ENUM_CONVERSION = YES;
				CLANG_WARN_INFINITE_RECURSION = YES;
				CLANG_WARN_INT_CONVERSION = YES;
				CLANG_WARN_NON_LITERAL_NULL_CONVERSION = YES;
				CLANG_WARN_OBJC_IMPLICIT_RETAIN_SELF = YES;
				CLANG_WARN_OBJC_LITERAL_CONVERSION = YES;
				CLANG_WARN_OBJC_ROOT_CLASS = YES_ERROR;
				CLANG_WARN_RANGE_LOOP_ANALYSIS = YES;
				CLANG_WARN_STRICT_PROTOTYPES = YES;
				CLANG_WARN_SUSPICIOUS_MOVE = YES;
				CLANG_WARN_UNGUARDED_AVAILABILITY = YES_AGGRESSIVE;
				CLANG_WARN_UNREACHABLE_CODE = YES;
				CLANG_WARN__DUPLICATE_METHOD_MATCH = YES;
				CODE_SIGN_IDENTITY = "iPhone Developer";
				COPY_PHASE_STRIP = NO;
				DEBUG_INFORMATION_FORMAT = dwarf;
				ENABLE_STRICT_OBJC_MSGSEND = YES;
				ENABLE_TESTABILITY = YES;
				GCC_C_LANGUAGE_STANDARD = gnu11;
				GCC_DYNAMIC_NO_PIC = NO;
				GCC_NO_COMMON_BLOCKS = YES;
				GCC_OPTIMIZATION_LEVEL = 0;
				GCC_PREPROCESSOR_DEFINITIONS = (
					"DEBUG=1",
					"$(inherited)",
				);
				GCC_WARN_64_TO_32_BIT_CONVERSION = YES;
				GCC_WARN_ABOUT_RETURN_TYPE = YES_ERROR;
				GCC_WARN_UNDECLARED_SELECTOR = YES;
				GCC_WARN_UNINITIALIZED_AUTOS = YES_AGGRESSIVE;
				GCC_WARN_UNUSED_FUNCTION = YES;
				GCC_WARN_UNUSED_VARIABLE = YES;
				IPHONEOS_DEPLOYMENT_TARGET = 12.0;
				MTL_ENABLE_DEBUG_INFO = INCLUDE_SOURCE;
				ONLY_ACTIVE_ARCH = YES;
				SDKROOT = iphoneos;
				SWIFT_ACTIVE_COMPILATION_CONDITIONS = DEBUG;
				SWIFT_OPTIMIZATION_LEVEL = "-Onone";
			};
			name = Debug;
		};
		B5F1EBE620EC9F0A00A318C5 /* Release */ = {
			isa = XCBuildConfiguration;
			buildSettings = {
				ALWAYS_SEARCH_USER_PATHS = NO;
				CLANG_ANALYZER_NONNULL = YES;
				CLANG_ANALYZER_NUMBER_OBJECT_CONVERSION = YES_AGGRESSIVE;
				CLANG_CXX_LANGUAGE_STANDARD = "gnu++14";
				CLANG_CXX_LIBRARY = "libc++";
				CLANG_ENABLE_MODULES = YES;
				CLANG_ENABLE_OBJC_ARC = YES;
				CLANG_ENABLE_OBJC_WEAK = YES;
				CLANG_WARN_BLOCK_CAPTURE_AUTORELEASING = YES;
				CLANG_WARN_BOOL_CONVERSION = YES;
				CLANG_WARN_COMMA = YES;
				CLANG_WARN_CONSTANT_CONVERSION = YES;
				CLANG_WARN_DEPRECATED_OBJC_IMPLEMENTATIONS = YES;
				CLANG_WARN_DIRECT_OBJC_ISA_USAGE = YES_ERROR;
				CLANG_WARN_DOCUMENTATION_COMMENTS = YES;
				CLANG_WARN_EMPTY_BODY = YES;
				CLANG_WARN_ENUM_CONVERSION = YES;
				CLANG_WARN_INFINITE_RECURSION = YES;
				CLANG_WARN_INT_CONVERSION = YES;
				CLANG_WARN_NON_LITERAL_NULL_CONVERSION = YES;
				CLANG_WARN_OBJC_IMPLICIT_RETAIN_SELF = YES;
				CLANG_WARN_OBJC_LITERAL_CONVERSION = YES;
				CLANG_WARN_OBJC_ROOT_CLASS = YES_ERROR;
				CLANG_WARN_RANGE_LOOP_ANALYSIS = YES;
				CLANG_WARN_STRICT_PROTOTYPES = YES;
				CLANG_WARN_SUSPICIOUS_MOVE = YES;
				CLANG_WARN_UNGUARDED_AVAILABILITY = YES_AGGRESSIVE;
				CLANG_WARN_UNREACHABLE_CODE = YES;
				CLANG_WARN__DUPLICATE_METHOD_MATCH = YES;
				CODE_SIGN_IDENTITY = "iPhone Developer";
				COPY_PHASE_STRIP = NO;
				DEBUG_INFORMATION_FORMAT = "dwarf-with-dsym";
				ENABLE_NS_ASSERTIONS = NO;
				ENABLE_STRICT_OBJC_MSGSEND = YES;
				GCC_C_LANGUAGE_STANDARD = gnu11;
				GCC_NO_COMMON_BLOCKS = YES;
				GCC_WARN_64_TO_32_BIT_CONVERSION = YES;
				GCC_WARN_ABOUT_RETURN_TYPE = YES_ERROR;
				GCC_WARN_UNDECLARED_SELECTOR = YES;
				GCC_WARN_UNINITIALIZED_AUTOS = YES_AGGRESSIVE;
				GCC_WARN_UNUSED_FUNCTION = YES;
				GCC_WARN_UNUSED_VARIABLE = YES;
				IPHONEOS_DEPLOYMENT_TARGET = 12.0;
				MTL_ENABLE_DEBUG_INFO = NO;
				SDKROOT = iphoneos;
				SWIFT_COMPILATION_MODE = wholemodule;
				SWIFT_OPTIMIZATION_LEVEL = "-O";
				VALIDATE_PRODUCT = YES;
			};
			name = Release;
		};
		B5F1EBE820EC9F0A00A318C5 /* Debug */ = {
			isa = XCBuildConfiguration;
			baseConfigurationReference = EC8BCEEA942D05F556DA7A82 /* Pods-ARTraking.debug.xcconfig */;
			buildSettings = {
				ASSETCATALOG_COMPILER_APPICON_NAME = AppIcon;
				CODE_SIGN_ENTITLEMENTS = ARTraking/ARTraking.entitlements;
				CODE_SIGN_STYLE = Manual;
				DEVELOPMENT_TEAM = JT5V4QYX9D;
				INFOPLIST_FILE = ARTraking/Info.plist;
				LD_RUNPATH_SEARCH_PATHS = (
					"$(inherited)",
					"@executable_path/Frameworks",
				);
				PRODUCT_BUNDLE_IDENTIFIER = com.softwebsolutions.icloude;
				PRODUCT_NAME = "$(TARGET_NAME)";
				PROVISIONING_PROFILE = "9fc8adde-ea99-4a6f-93c9-37f809aab46f";
				PROVISIONING_PROFILE_SPECIFIER = "Development Push test profile - 2017";
				SWIFT_VERSION = 4.2;
				TARGETED_DEVICE_FAMILY = "1,2";
			};
			name = Debug;
		};
		B5F1EBE920EC9F0A00A318C5 /* Release */ = {
			isa = XCBuildConfiguration;
			baseConfigurationReference = 1EF8D8FECF701F5CC2AC1ED7 /* Pods-ARTraking.release.xcconfig */;
			buildSettings = {
				ASSETCATALOG_COMPILER_APPICON_NAME = AppIcon;
				CODE_SIGN_ENTITLEMENTS = ARTraking/ARTraking.entitlements;
				CODE_SIGN_STYLE = Manual;
				DEVELOPMENT_TEAM = JT5V4QYX9D;
				INFOPLIST_FILE = ARTraking/Info.plist;
				LD_RUNPATH_SEARCH_PATHS = (
					"$(inherited)",
					"@executable_path/Frameworks",
				);
				PRODUCT_BUNDLE_IDENTIFIER = com.softwebsolutions.icloude;
				PRODUCT_NAME = "$(TARGET_NAME)";
				PROVISIONING_PROFILE = "9fc8adde-ea99-4a6f-93c9-37f809aab46f";
				PROVISIONING_PROFILE_SPECIFIER = "Development Push test profile - 2017";
				SWIFT_VERSION = 4.2;
				TARGETED_DEVICE_FAMILY = "1,2";
			};
			name = Release;
		};
/* End XCBuildConfiguration section */

/* Begin XCConfigurationList section */
		B5F1EBCE20EC9EF700A318C5 /* Build configuration list for PBXProject "ARTraking" */ = {
			isa = XCConfigurationList;
			buildConfigurations = (
				B5F1EBE520EC9F0A00A318C5 /* Debug */,
				B5F1EBE620EC9F0A00A318C5 /* Release */,
			);
			defaultConfigurationIsVisible = 0;
			defaultConfigurationName = Release;
		};
		B5F1EBE720EC9F0A00A318C5 /* Build configuration list for PBXNativeTarget "ARTraking" */ = {
			isa = XCConfigurationList;
			buildConfigurations = (
				B5F1EBE820EC9F0A00A318C5 /* Debug */,
				B5F1EBE920EC9F0A00A318C5 /* Release */,
			);
			defaultConfigurationIsVisible = 0;
			defaultConfigurationName = Release;
		};
/* End XCConfigurationList section */
	};
	rootObject = B5F1EBCB20EC9EF700A318C5 /* Project object */;
}
